
Microsoft Visual Studio Solution File, Format Version 12.00
# Visual Studio Version 18
VisualStudioVersion = 18.1.11312.151 d18.0
MinimumVisualStudioVersion = 10.0.40219.1
Project("{FAE04EC0-301F-11D3-BF4B-00C04F79EFBC}") = "FTPClient", "src\FTPUpload\FTPClient.csproj", "{4E726D73-A2D7-4B31-884D-2663743CFB3C}"
EndProject
Project("{2150E333-8FDC-42A3-9474-1A3956D46DE8}") = "src", "src", "{02EA681E-C7D8-13C7-8484-4AC65E1B71E8}"
EndProject
Project("{2150E333-8FDC-42A3-9474-1A3956D46DE8}") = "tests", "tests", "{5CE9E4A3-7B82-4952-8BB6-E0EE2E3C6B52}"
EndProject
Global
	GlobalSection(SolutionConfigurationPlatforms) = preSolution
		Debug|Any CPU = Debug|Any CPU
		Release|Any CPU = Release|Any CPU
	EndGlobalSection
	GlobalSection(ProjectConfigurationPlatforms) = postSolution
		{4E726D73-A2D7-4B31-884D-2663743CFB3C}.Debug|Any CPU.ActiveCfg = Debug|Any CPU
		{4E726D73-A2D7-4B31-884D-2663743CFB3C}.Debug|Any CPU.Build.0 = Debug|Any CPU
		{4E726D73-A2D7-4B31-884D-2663743CFB3C}.Release|Any CPU.ActiveCfg = Release|Any CPU
		{4E726D73-A2D7-4B31-884D-2663743CFB3C}.Release|Any CPU.Build.0 = Release|Any CPU
	EndGlobalSection
	GlobalSection(SolutionProperties) = preSolution
		HideSolutionNode = FALSE
	EndGlobalSection
	GlobalSection(NestedProjects) = preSolution
		{4E726D73-A2D7-4B31-884D-2663743CFB3C} = {02EA681E-C7D8-13C7-8484-4AC65E1B71E8}
	EndGlobalSection
	GlobalSection(ExtensibilityGlobals) = postSolution
		SolutionGuid = {1C8948DB-5217-47C1-B83D-FD1171392BD0}
	EndGlobalSection
EndGlobal
